
Microsoft Visual Studio Solution File, Format Version 12.00
# Visual Studio Version 17
VisualStudioVersion = 17.13.35919.96 d17.13
MinimumVisualStudioVersion = 10.0.40219.1
Project("{FAE04EC0-301F-11D3-BF4B-00C04F79EFBC}") = "WordsGame", "WordsGame.csproj", "{28BD2644-0EFF-4E5A-9A46-F1215CA36388}"
EndProject
Global
	GlobalSection(SolutionConfigurationPlatforms) = preSolution
		Debug|Any CPU = Debug|Any CPU
		Release|Any CPU = Release|Any CPU
	EndGlobalSection
	GlobalSection(ProjectConfigurationPlatforms) = postSolution
		{28BD2644-0EFF-4E5A-9A46-F1215CA36388}.Debug|Any CPU.ActiveCfg = Debug|Any CPU
		{28BD2644-0EFF-4E5A-9A46-F1215CA36388}.Debug|Any CPU.Build.0 = Debug|Any CPU
		{28BD2644-0EFF-4E5A-9A46-F1215CA36388}.Release|Any CPU.ActiveCfg = Release|Any CPU
		{28BD2644-0EFF-4E5A-9A46-F1215CA36388}.Release|Any CPU.Build.0 = Release|Any CPU
	EndGlobalSection
	GlobalSection(SolutionProperties) = preSolution
		HideSolutionNode = FALSE
	EndGlobalSection
	GlobalSection(ExtensibilityGlobals) = postSolution
		SolutionGuid = {72E911EC-D1EC-49D3-BFFF-C70CB39FDC35}
	EndGlobalSection
EndGlobal
